// !$*UTF8*$!
{
	archiveVersion = 1;
	classes = {
	};
	objectVersion = 56;
	objects = {

/* Begin PBXBuildFile section */
		7CFC3E922AD2F4A300AD7664 /* Eman2.swift in Sources */ = {isa = PBXBuildFile; fileRef = 7CFC3E912AD2F4A300AD7664 /* Eman2.swift */; };
		FC28F6572AD2A38700FB31F9 /* MasariApp.swift in Sources */ = {isa = PBXBuildFile; fileRef = FC28F6562AD2A38700FB31F9 /* MasariApp.swift */; };
		FC28F6592AD2A38700FB31F9 /* ContentView.swift in Sources */ = {isa = PBXBuildFile; fileRef = FC28F6582AD2A38700FB31F9 /* ContentView.swift */; };
		FC28F65B2AD2A38800FB31F9 /* Assets.xcassets in Resources */ = {isa = PBXBuildFile; fileRef = FC28F65A2AD2A38800FB31F9 /* Assets.xcassets */; };
		FC28F65E2AD2A38800FB31F9 /* Preview Assets.xcassets in Resources */ = {isa = PBXBuildFile; fileRef = FC28F65D2AD2A38800FB31F9 /* Preview Assets.xcassets */; };
		FC28F6682AD2A38800FB31F9 /* MasariTests.swift in Sources */ = {isa = PBXBuildFile; fileRef = FC28F6672AD2A38800FB31F9 /* MasariTests.swift */; };
		FC28F6722AD2A38800FB31F9 /* MasariUITests.swift in Sources */ = {isa = PBXBuildFile; fileRef = FC28F6712AD2A38800FB31F9 /* MasariUITests.swift */; };
		FC28F6742AD2A38800FB31F9 /* MasariUITestsLaunchTests.swift in Sources */ = {isa = PBXBuildFile; fileRef = FC28F6732AD2A38800FB31F9 /* MasariUITestsLaunchTests.swift */; };
/* End PBXBuildFile section */

/* Begin PBXContainerItemProxy section */
		FC28F6642AD2A38800FB31F9 /* PBXContainerItemProxy */ = {
			isa = PBXContainerItemProxy;
			containerPortal = FC28F64B2AD2A38700FB31F9 /* Project object */;
			proxyType = 1;
			remoteGlobalIDString = FC28F6522AD2A38700FB31F9;
			remoteInfo = Masari;
		};
		FC28F66E2AD2A38800FB31F9 /* PBXContainerItemProxy */ = {
			isa = PBXContainerItemProxy;
			containerPortal = FC28F64B2AD2A38700FB31F9 /* Project object */;
			proxyType = 1;
			remoteGlobalIDString = FC28F6522AD2A38700FB31F9;
			remoteInfo = Masari;
		};
/* End PBXContainerItemProxy section */

/* Begin PBXFileReference section */
		7CFC3E912AD2F4A300AD7664 /* Eman2.swift */ = {isa = PBXFileReference; lastKnownFileType = sourcecode.swift; path = Eman2.swift; sourceTree = "<group>"; };
		FC28F6532AD2A38700FB31F9 /* Masari.app */ = {isa = PBXFileReference; explicitFileType = wrapper.application; includeInIndex = 0; path = Masari.app; sourceTree = BUILT_PRODUCTS_DIR; };
		FC28F6562AD2A38700FB31F9 /* MasariApp.swift */ = {isa = PBXFileReference; lastKnownFileType = sourcecode.swift; path = MasariApp.swift; sourceTree = "<group>"; };
		FC28F6582AD2A38700FB31F9 /* ContentView.swift */ = {isa = PBXFileReference; lastKnownFileType = sourcecode.swift; path = ContentView.swift; sourceTree = "<group>"; };
		FC28F65A2AD2A38800FB31F9 /* Assets.xcassets */ = {isa = PBXFileReference; lastKnownFileType = folder.assetcatalog; path = Assets.xcassets; sourceTree = "<group>"; };
		FC28F65D2AD2A38800FB31F9 /* Preview Assets.xcassets */ = {isa = PBXFileReference; lastKnownFileType = folder.assetcatalog; path = "Preview Assets.xcassets"; sourceTree = "<group>"; };
		FC28F6632AD2A38800FB31F9 /* MasariTests.xctest */ = {isa = PBXFileReference; explicitFileType = wrapper.cfbundle; includeInIndex = 0; path = MasariTests.xctest; sourceTree = BUILT_PRODUCTS_DIR; };
		FC28F6672AD2A38800FB31F9 /* MasariTests.swift */ = {isa = PBXFileReference; lastKnownFileType = sourcecode.swift; path = MasariTests.swift; sourceTree = "<group>"; };
		FC28F66D2AD2A38800FB31F9 /* MasariUITests.xctest */ = {isa = PBXFileReference; explicitFileType = wrapper.cfbundle; includeInIndex = 0; path = MasariUITests.xctest; sourceTree = BUILT_PRODUCTS_DIR; };
		FC28F6712AD2A38800FB31F9 /* MasariUITests.swift */ = {isa = PBXFileReference; lastKnownFileType = sourcecode.swift; path = MasariUITests.swift; sourceTree = "<group>"; };
		FC28F6732AD2A38800FB31F9 /* MasariUITestsLaunchTests.swift */ = {isa = PBXFileReference; lastKnownFileType = sourcecode.swift; path = MasariUITestsLaunchTests.swift; sourceTree = "<group>"; };
/* End PBXFileReference section */

/* Begin PBXFrameworksBuildPhase section */
		FC28F6502AD2A38700FB31F9 /* Frameworks */ = {
			isa = PBXFrameworksBuildPhase;
			buildActionMask = 2147483647;
			files = (
			);
			runOnlyForDeploymentPostprocessing = 0;
		};
		FC28F6602AD2A38800FB31F9 /* Frameworks */ = {
			isa = PBXFrameworksBuildPhase;
			buildActionMask = 2147483647;
			files = (
			);
			runOnlyForDeploymentPostprocessing = 0;
		};
		FC28F66A2AD2A38800FB31F9 /* Frameworks */ = {
			isa = PBXFrameworksBuildPhase;
			buildActionMask = 2147483647;
			files = (
			);
			runOnlyForDeploymentPostprocessing = 0;
		};
/* End PBXFrameworksBuildPhase section */

/* Begin PBXGroup section */
		FC28F64A2AD2A38700FB31F9 = {
			isa = PBXGroup;
			children = (
				FC28F6552AD2A38700FB31F9 /* Masari */,
				FC28F6662AD2A38800FB31F9 /* MasariTests */,
				FC28F6702AD2A38800FB31F9 /* MasariUITests */,
				FC28F6542AD2A38700FB31F9 /* Products */,
			);
			sourceTree = "<group>";
		};
		FC28F6542AD2A38700FB31F9 /* Products */ = {
			isa = PBXGroup;
			children = (
				FC28F6532AD2A38700FB31F9 /* Masari.app */,
				FC28F6632AD2A38800FB31F9 /* MasariTests.xctest */,
				FC28F66D2AD2A38800FB31F9 /* MasariUITests.xctest */,
			);
			name = Products;
			sourceTree = "<group>";
		};
		FC28F6552AD2A38700FB31F9 /* Masari */ = {
			isa = PBXGroup;
			children = (
				FC28F6562AD2A38700FB31F9 /* MasariApp.swift */,
				FC28F6582AD2A38700FB31F9 /* ContentView.swift */,
				7CFC3E912AD2F4A300AD7664 /* Eman2.swift */,
				FC28F65A2AD2A38800FB31F9 /* Assets.xcassets */,
				FC28F65C2AD2A38800FB31F9 /* Preview Content */,
			);
			path = Masari;
			sourceTree = "<group>";
		};
		FC28F65C2AD2A38800FB31F9 /* Preview Content */ = {
			isa = PBXGroup;
			children = (
				FC28F65D2AD2A38800FB31F9 /* Preview Assets.xcassets */,
			);
			path = "Preview Content";
			sourceTree = "<group>";
		};
		FC28F6662AD2A38800FB31F9 /* MasariTests */ = {
			isa = PBXGroup;
			children = (
				FC28F6672AD2A38800FB31F9 /* MasariTests.swift */,
			);
			path = MasariTests;
			sourceTree = "<group>";
		};
		FC28F6702AD2A38800FB31F9 /* MasariUITests */ = {
			isa = PBXGroup;
			children = (
				FC28F6712AD2A38800FB31F9 /* MasariUITests.swift */,
				FC28F6732AD2A38800FB31F9 /* MasariUITestsLaunchTests.swift */,
			);
			path = MasariUITests;
			sourceTree = "<group>";
		};
/* End PBXGroup section */

/* Begin PBXNativeTarget section */
		FC28F6522AD2A38700FB31F9 /* Masari */ = {
			isa = PBXNativeTarget;
			buildConfigurationList = FC28F6772AD2A38800FB31F9 /* Build configuration list for PBXNativeTarget "Masari" */;
			buildPhases = (
				FC28F64F2AD2A38700FB31F9 /* Sources */,
				FC28F6502AD2A38700FB31F9 /* Frameworks */,
				FC28F6512AD2A38700FB31F9 /* Resources */,
			);
			buildRules = (
			);
			dependencies = (
			);
			name = Masari;
			productName = Masari;
			productReference = FC28F6532AD2A38700FB31F9 /* Masari.app */;
			productType = "com.apple.product-type.application";
		};
		FC28F6622AD2A38800FB31F9 /* MasariTests */ = {
			isa = PBXNativeTarget;
			buildConfigurationList = FC28F67A2AD2A38800FB31F9 /* Build configuration list for PBXNativeTarget "MasariTests" */;
			buildPhases = (
				FC28F65F2AD2A38800FB31F9 /* Sources */,
				FC28F6602AD2A38800FB31F9 /* Frameworks */,
				FC28F6612AD2A38800FB31F9 /* Resources */,
			);
			buildRules = (
			);
			dependencies = (
				FC28F6652AD2A38800FB31F9 /* PBXTargetDependency */,
			);
			name = MasariTests;
			productName = MasariTests;
			productReference = FC28F6632AD2A38800FB31F9 /* MasariTests.xctest */;
			productType = "com.apple.product-type.bundle.unit-test";
		};
		FC28F66C2AD2A38800FB31F9 /* MasariUITests */ = {
			isa = PBXNativeTarget;
			buildConfigurationList = FC28F67D2AD2A38800FB31F9 /* Build configuration list for PBXNativeTarget "MasariUITests" */;
			buildPhases = (
				FC28F6692AD2A38800FB31F9 /* Sources */,
				FC28F66A2AD2A38800FB31F9 /* Frameworks */,
				FC28F66B2AD2A38800FB31F9 /* Resources */,
			);
			buildRules = (
			);
			dependencies = (
				FC28F66F2AD2A38800FB31F9 /* PBXTargetDependency */,
			);
			name = MasariUITests;
			productName = MasariUITests;
			productReference = FC28F66D2AD2A38800FB31F9 /* MasariUITests.xctest */;
			productType = "com.apple.product-type.bundle.ui-testing";
		};
/* End PBXNativeTarget section */

/* Begin PBXProject section */
		FC28F64B2AD2A38700FB31F9 /* Project object */ = {
			isa = PBXProject;
			attributes = {
				BuildIndependentTargetsInParallel = 1;
				LastSwiftUpdateCheck = 1500;
				LastUpgradeCheck = 1500;
				TargetAttributes = {
					FC28F6522AD2A38700FB31F9 = {
						CreatedOnToolsVersion = 15.0;
					};
					FC28F6622AD2A38800FB31F9 = {
						CreatedOnToolsVersion = 15.0;
						TestTargetID = FC28F6522AD2A38700FB31F9;
					};
					FC28F66C2AD2A38800FB31F9 = {
						CreatedOnToolsVersion = 15.0;
						TestTargetID = FC28F6522AD2A38700FB31F9;
					};
				};
			};
			buildConfigurationList = FC28F64E2AD2A38700FB31F9 /* Build configuration list for PBXProject "Masari" */;
			compatibilityVersion = "Xcode 14.0";
			developmentRegion = en;
			hasScannedForEncodings = 0;
			knownRegions = (
				en,
				Base,
			);
			mainGroup = FC28F64A2AD2A38700FB31F9;
			productRefGroup = FC28F6542AD2A38700FB31F9 /* Products */;
			projectDirPath = "";
			projectRoot = "";
			targets = (
				FC28F6522AD2A38700FB31F9 /* Masari */,
				FC28F6622AD2A38800FB31F9 /* MasariTests */,
				FC28F66C2AD2A38800FB31F9 /* MasariUITests */,
			);
		};
/* End PBXProject section */

/* Begin PBXResourcesBuildPhase section */
		FC28F6512AD2A38700FB31F9 /* Resources */ = {
			isa = PBXResourcesBuildPhase;
			buildActionMask = 2147483647;
			files = (
				FC28F65E2AD2A38800FB31F9 /* Preview Assets.xcassets in Resources */,
				FC28F65B2AD2A38800FB31F9 /* Assets.xcassets in Resources */,
			);
			runOnlyForDeploymentPostprocessing = 0;
		};
		FC28F6612AD2A38800FB31F9 /* Resources */ = {
			isa = PBXResourcesBuildPhase;
			buildActionMask = 2147483647;
			files = (
			);
			runOnlyForDeploymentPostprocessing = 0;
		};
		FC28F66B2AD2A38800FB31F9 /* Resources */ = {
			isa = PBXResourcesBuildPhase;
			buildActionMask = 2147483647;
			files = (
			);
			runOnlyForDeploymentPostprocessing = 0;
		};
/* End PBXResourcesBuildPhase section */

/* Begin PBXSourcesBuildPhase section */
		FC28F64F2AD2A38700FB31F9 /* Sources */ = {
			isa = PBXSourcesBuildPhase;
			buildActionMask = 2147483647;
			files = (
				7CFC3E922AD2F4A300AD7664 /* Eman2.swift in Sources */,
				FC28F6592AD2A38700FB31F9 /* ContentView.swift in Sources */,
				FC28F6572AD2A38700FB31F9 /* MasariApp.swift in Sources */,
			);
			runOnlyForDeploymentPostprocessing = 0;
		};
		FC28F65F2AD2A38800FB31F9 /* Sources */ = {
			isa = PBXSourcesBuildPhase;
			buildActionMask = 2147483647;
			files = (
				FC28F6682AD2A38800FB31F9 /* MasariTests.swift in Sources */,
			);
			runOnlyForDeploymentPostprocessing = 0;
		};
		FC28F6692AD2A38800FB31F9 /* Sources */ = {
			isa = PBXSourcesBuildPhase;
			buildActionMask = 2147483647;
			files = (
				FC28F6722AD2A38800FB31F9 /* MasariUITests.swift in Sources */,
				FC28F6742AD2A38800FB31F9 /* MasariUITestsLaunchTests.swift in Sources */,
			);
			runOnlyForDeploymentPostprocessing = 0;
		};
/* End PBXSourcesBuildPhase section */

/* Begin PBXTargetDependency section */
		FC28F6652AD2A38800FB31F9 /* PBXTargetDependency */ = {
			isa = PBXTargetDependency;
			target = FC28F6522AD2A38700FB31F9 /* Masari */;
			targetProxy = FC28F6642AD2A38800FB31F9 /* PBXContainerItemProxy */;
		};
		FC28F66F2AD2A38800FB31F9 /* PBXTargetDependency */ = {
			isa = PBXTargetDependency;
			target = FC28F6522AD2A38700FB31F9 /* Masari */;
			targetProxy = FC28F66E2AD2A38800FB31F9 /* PBXContainerItemProxy */;
		};
/* End PBXTargetDependency section */

/* Begin XCBuildConfiguration section */
		FC28F6752AD2A38800FB31F9 /* Debug */ = {
			isa = XCBuildConfiguration;
			buildSettings = {
				ALWAYS_SEARCH_USER_PATHS = NO;
				ASSETCATALOG_COMPILER_GENERATE_SWIFT_ASSET_SYMBOL_EXTENSIONS = YES;
				CLANG_ANALYZER_NONNULL = YES;
				CLANG_ANALYZER_NUMBER_OBJECT_CONVERSION = YES_AGGRESSIVE;
				CLANG_CXX_LANGUAGE_STANDARD = "gnu++20";
				CLANG_ENABLE_MODULES = YES;
				CLANG_ENABLE_OBJC_ARC = YES;
				CLANG_ENABLE_OBJC_WEAK = YES;
				CLANG_WARN_BLOCK_CAPTURE_AUTORELEASING = YES;
				CLANG_WARN_BOOL_CONVERSION = YES;
				CLANG_WARN_COMMA = YES;
				CLANG_WARN_CONSTANT_CONVERSION = YES;
				CLANG_WARN_DEPRECATED_OBJC_IMPLEMENTATIONS = YES;
				CLANG_WARN_DIRECT_OBJC_ISA_USAGE = YES_ERROR;
				CLANG_WARN_DOCUMENTATION_COMMENTS = YES;
				CLANG_WARN_EMPTY_BODY = YES;
				CLANG_WARN_ENUM_CONVERSION = YES;
				CLANG_WARN_INFINITE_RECURSION = YES;
				CLANG_WARN_INT_CONVERSION = YES;
				CLANG_WARN_NON_LITERAL_NULL_CONVERSION = YES;
				CLANG_WARN_OBJC_IMPLICIT_RETAIN_SELF = YES;
				CLANG_WARN_OBJC_LITERAL_CONVERSION = YES;
				CLANG_WARN_OBJC_ROOT_CLASS = YES_ERROR;
				CLANG_WARN_QUOTED_INCLUDE_IN_FRAMEWORK_HEADER = YES;
				CLANG_WARN_RANGE_LOOP_ANALYSIS = YES;
				CLANG_WARN_STRICT_PROTOTYPES = YES;
				CLANG_WARN_SUSPICIOUS_MOVE = YES;
				CLANG_WARN_UNGUARDED_AVAILABILITY = YES_AGGRESSIVE;
				CLANG_WARN_UNREACHABLE_CODE = YES;
				CLANG_WARN__DUPLICATE_METHOD_MATCH = YES;
				COPY_PHASE_STRIP = NO;
				DEBUG_INFORMATION_FORMAT = dwarf;
				ENABLE_STRICT_OBJC_MSGSEND = YES;
				ENABLE_TESTABILITY = YES;
				ENABLE_USER_SCRIPT_SANDBOXING = YES;
				GCC_C_LANGUAGE_STANDARD = gnu17;
				GCC_DYNAMIC_NO_PIC = NO;
				GCC_NO_COMMON_BLOCKS = YES;
				GCC_OPTIMIZATION_LEVEL = 0;
				GCC_PREPROCESSOR_DEFINITIONS = (
					"DEBUG=1",
					"$(inherited)",
				);
				GCC_WARN_64_TO_32_BIT_CONVERSION = YES;
				GCC_WARN_ABOUT_RETURN_TYPE = YES_ERROR;
				GCC_WARN_UNDECLARED_SELECTOR = YES;
				GCC_WARN_UNINITIALIZED_AUTOS = YES_AGGRESSIVE;
				GCC_WARN_UNUSED_FUNCTION = YES;
				GCC_WARN_UNUSED_VARIABLE = YES;
				IPHONEOS_DEPLOYMENT_TARGET = 17.0;
				LOCALIZATION_PREFERS_STRING_CATALOGS = YES;
				MTL_ENABLE_DEBUG_INFO = INCLUDE_SOURCE;
				MTL_FAST_MATH = YES;
				ONLY_ACTIVE_ARCH = YES;
				SDKROOT = iphoneos;
				SWIFT_ACTIVE_COMPILATION_CONDITIONS = "DEBUG $(inherited)";
				SWIFT_OPTIMIZATION_LEVEL = "-Onone";
			};
			name = Debug;
		};
		FC28F6762AD2A38800FB31F9 /* Release */ = {
			isa = XCBuildConfiguration;
			buildSettings = {
				ALWAYS_SEARCH_USER_PATHS = NO;
				ASSETCATALOG_COMPILER_GENERATE_SWIFT_ASSET_SYMBOL_EXTENSIONS = YES;
				CLANG_ANALYZER_NONNULL = YES;
				CLANG_ANALYZER_NUMBER_OBJECT_CONVERSION = YES_AGGRESSIVE;
				CLANG_CXX_LANGUAGE_STANDARD = "gnu++20";
				CLANG_ENABLE_MODULES = YES;
				CLANG_ENABLE_OBJC_ARC = YES;
				CLANG_ENABLE_OBJC_WEAK = YES;
				CLANG_WARN_BLOCK_CAPTURE_AUTORELEASING = YES;
				CLANG_WARN_BOOL_CONVERSION = YES;
				CLANG_WARN_COMMA = YES;
				CLANG_WARN_CONSTANT_CONVERSION = YES;
				CLANG_WARN_DEPRECATED_OBJC_IMPLEMENTATIONS = YES;
				CLANG_WARN_DIRECT_OBJC_ISA_USAGE = YES_ERROR;
				CLANG_WARN_DOCUMENTATION_COMMENTS = YES;
				CLANG_WARN_EMPTY_BODY = YES;
				CLANG_WARN_ENUM_CONVERSION = YES;
				CLANG_WARN_INFINITE_RECURSION = YES;
				CLANG_WARN_INT_CONVERSION = YES;
				CLANG_WARN_NON_LITERAL_NULL_CONVERSION = YES;
				CLANG_WARN_OBJC_IMPLICIT_RETAIN_SELF = YES;
				CLANG_WARN_OBJC_LITERAL_CONVERSION = YES;
				CLANG_WARN_OBJC_ROOT_CLASS = YES_ERROR;
				CLANG_WARN_QUOTED_INCLUDE_IN_FRAMEWORK_HEADER = YES;
				CLANG_WARN_RANGE_LOOP_ANALYSIS = YES;
				CLANG_WARN_STRICT_PROTOTYPES = YES;
				CLANG_WARN_SUSPICIOUS_MOVE = YES;
				CLANG_WARN_UNGUARDED_AVAILABILITY = YES_AGGRESSIVE;
				CLANG_WARN_UNREACHABLE_CODE = YES;
				CLANG_WARN__DUPLICATE_METHOD_MATCH = YES;
				COPY_PHASE_STRIP = NO;
				DEBUG_INFORMATION_FORMAT = "dwarf-with-dsym";
				ENABLE_NS_ASSERTIONS = NO;
				ENABLE_STRICT_OBJC_MSGSEND = YES;
				ENABLE_USER_SCRIPT_SANDBOXING = YES;
				GCC_C_LANGUAGE_STANDARD = gnu17;
				GCC_NO_COMMON_BLOCKS = YES;
				GCC_WARN_64_TO_32_BIT_CONVERSION = YES;
				GCC_WARN_ABOUT_RETURN_TYPE = YES_ERROR;
				GCC_WARN_UNDECLARED_SELECTOR = YES;
				GCC_WARN_UNINITIALIZED_AUTOS = YES_AGGRESSIVE;
				GCC_WARN_UNUSED_FUNCTION = YES;
				GCC_WARN_UNUSED_VARIABLE = YES;
				IPHONEOS_DEPLOYMENT_TARGET = 17.0;
				LOCALIZATION_PREFERS_STRING_CATALOGS = YES;
				MTL_ENABLE_DEBUG_INFO = NO;
				MTL_FAST_MATH = YES;
				SDKROOT = iphoneos;
				SWIFT_COMPILATION_MODE = wholemodule;
				VALIDATE_PRODUCT = YES;
			};
			name = Release;
		};
		FC28F6782AD2A38800FB31F9 /* Debug */ = {
			isa = XCBuildConfiguration;
			buildSettings = {
				ASSETCATALOG_COMPILER_APPICON_NAME = AppIcon;
				ASSETCATALOG_COMPILER_GLOBAL_ACCENT_COLOR_NAME = AccentColor;
				CODE_SIGN_STYLE = Automatic;
				CURRENT_PROJECT_VERSION = 1;
				DEVELOPMENT_ASSET_PATHS = "\"Masari/Preview Content\"";
				ENABLE_PREVIEWS = YES;
				GENERATE_INFOPLIST_FILE = YES;
				INFOPLIST_KEY_UIApplicationSceneManifest_Generation = YES;
				INFOPLIST_KEY_UIApplicationSupportsIndirectInputEvents = YES;
				INFOPLIST_KEY_UILaunchScreen_Generation = YES;
				INFOPLIST_KEY_UISupportedInterfaceOrientations_iPad = "UIInterfaceOrientationPortrait UIInterfaceOrientationPortraitUpsideDown UIInterfaceOrientationLandscapeLeft UIInterfaceOrientationLandscapeRight";
				INFOPLIST_KEY_UISupportedInterfaceOrientations_iPhone = "UIInterfaceOrientationPortrait UIInterfaceOrientationLandscapeLeft UIInterfaceOrientationLandscapeRight";
				LD_RUNPATH_SEARCH_PATHS = (
					"$(inherited)",
					"@executable_path/Frameworks",
				);
				MARKETING_VERSION = 1.0;
				PRODUCT_BUNDLE_IDENTIFIER = Zinab.Masari;
				PRODUCT_NAME = "$(TARGET_NAME)";
				SWIFT_EMIT_LOC_STRINGS = YES;
				SWIFT_VERSION = 5.0;
				TARGETED_DEVICE_FAMILY = "1,2";
			};
			name = Debug;
		};
		FC28F6792AD2A38800FB31F9 /* Release */ = {
			isa = XCBuildConfiguration;
			buildSettings = {
				ASSETCATALOG_COMPILER_APPICON_NAME = AppIcon;
				ASSETCATALOG_COMPILER_GLOBAL_ACCENT_COLOR_NAME = AccentColor;
				CODE_SIGN_STYLE = Automatic;
				CURRENT_PROJECT_VERSION = 1;
				DEVELOPMENT_ASSET_PATHS = "\"Masari/Preview Content\"";
				ENABLE_PREVIEWS = YES;
				GENERATE_INFOPLIST_FILE = YES;
				INFOPLIST_KEY_UIApplicationSceneManifest_Generation = YES;
				INFOPLIST_KEY_UIApplicationSupportsIndirectInputEvents = YES;
				INFOPLIST_KEY_UILaunchScreen_Generation = YES;
				INFOPLIST_KEY_UISupportedInterfaceOrientations_iPad = "UIInterfaceOrientationPortrait UIInterfaceOrientationPortraitUpsideDown UIInterfaceOrientationLandscapeLeft UIInterfaceOrientationLandscapeRight";
				INFOPLIST_KEY_UISupportedInterfaceOrientations_iPhone = "UIInterfaceOrientationPortrait UIInterfaceOrientationLandscapeLeft UIInterfaceOrientationLandscapeRight";
				LD_RUNPATH_SEARCH_PATHS = (
					"$(inherited)",
					"@executable_path/Frameworks",
				);
				MARKETING_VERSION = 1.0;
				PRODUCT_BUNDLE_IDENTIFIER = Zinab.Masari;
				PRODUCT_NAME = "$(TARGET_NAME)";
				SWIFT_EMIT_LOC_STRINGS = YES;
				SWIFT_VERSION = 5.0;
				TARGETED_DEVICE_FAMILY = "1,2";
			};
			name = Release;
		};
		FC28F67B2AD2A38800FB31F9 /* Debug */ = {
			isa = XCBuildConfiguration;
			buildSettings = {
				ALWAYS_EMBED_SWIFT_STANDARD_LIBRARIES = YES;
				BUNDLE_LOADER = "$(TEST_HOST)";
				CODE_SIGN_STYLE = Automatic;
				CURRENT_PROJECT_VERSION = 1;
				GENERATE_INFOPLIST_FILE = YES;
				IPHONEOS_DEPLOYMENT_TARGET = 17.0;
				MARKETING_VERSION = 1.0;
				PRODUCT_BUNDLE_IDENTIFIER = Zinab.MasariTests;
				PRODUCT_NAME = "$(TARGET_NAME)";
				SWIFT_EMIT_LOC_STRINGS = NO;
				SWIFT_VERSION = 5.0;
				TARGETED_DEVICE_FAMILY = "1,2";
				TEST_HOST = "$(BUILT_PRODUCTS_DIR)/Masari.app/$(BUNDLE_EXECUTABLE_FOLDER_PATH)/Masari";
			};
			name = Debug;
		};
		FC28F67C2AD2A38800FB31F9 /* Release */ = {
			isa = XCBuildConfiguration;
			buildSettings = {
				ALWAYS_EMBED_SWIFT_STANDARD_LIBRARIES = YES;
				BUNDLE_LOADER = "$(TEST_HOST)";
				CODE_SIGN_STYLE = Automatic;
				CURRENT_PROJECT_VERSION = 1;
				GENERATE_INFOPLIST_FILE = YES;
				IPHONEOS_DEPLOYMENT_TARGET = 17.0;
				MARKETING_VERSION = 1.0;
				PRODUCT_BUNDLE_IDENTIFIER = Zinab.MasariTests;
				PRODUCT_NAME = "$(TARGET_NAME)";
				SWIFT_EMIT_LOC_STRINGS = NO;
				SWIFT_VERSION = 5.0;
				TARGETED_DEVICE_FAMILY = "1,2";
				TEST_HOST = "$(BUILT_PRODUCTS_DIR)/Masari.app/$(BUNDLE_EXECUTABLE_FOLDER_PATH)/Masari";
			};
			name = Release;
		};
		FC28F67E2AD2A38800FB31F9 /* Debug */ = {
			isa = XCBuildConfiguration;
			buildSettings = {
				ALWAYS_EMBED_SWIFT_STANDARD_LIBRARIES = YES;
				CODE_SIGN_STYLE = Automatic;
				CURRENT_PROJECT_VERSION = 1;
				GENERATE_INFOPLIST_FILE = YES;
				MARKETING_VERSION = 1.0;
				PRODUCT_BUNDLE_IDENTIFIER = Zinab.MasariUITests;
				PRODUCT_NAME = "$(TARGET_NAME)";
				SWIFT_EMIT_LOC_STRINGS = NO;
				SWIFT_VERSION = 5.0;
				TARGETED_DEVICE_FAMILY = "1,2";
				TEST_TARGET_NAME = Masari;
			};
			name = Debug;
		};
		FC28F67F2AD2A38800FB31F9 /* Release */ = {
			isa = XCBuildConfiguration;
			buildSettings = {
				ALWAYS_EMBED_SWIFT_STANDARD_LIBRARIES = YES;
				CODE_SIGN_STYLE = Automatic;
				CURRENT_PROJECT_VERSION = 1;
				GENERATE_INFOPLIST_FILE = YES;
				MARKETING_VERSION = 1.0;
				PRODUCT_BUNDLE_IDENTIFIER = Zinab.MasariUITests;
				PRODUCT_NAME = "$(TARGET_NAME)";
				SWIFT_EMIT_LOC_STRINGS = NO;
				SWIFT_VERSION = 5.0;
				TARGETED_DEVICE_FAMILY = "1,2";
				TEST_TARGET_NAME = Masari;
			};
			name = Release;
		};
/* End XCBuildConfiguration section */

/* Begin XCConfigurationList section */
		FC28F64E2AD2A38700FB31F9 /* Build configuration list for PBXProject "Masari" */ = {
			isa = XCConfigurationList;
			buildConfigurations = (
				FC28F6752AD2A38800FB31F9 /* Debug */,
				FC28F6762AD2A38800FB31F9 /* Release */,
			);
			defaultConfigurationIsVisible = 0;
			defaultConfigurationName = Release;
		};
		FC28F6772AD2A38800FB31F9 /* Build configuration list for PBXNativeTarget "Masari" */ = {
			isa = XCConfigurationList;
			buildConfigurations = (
				FC28F6782AD2A38800FB31F9 /* Debug */,
				FC28F6792AD2A38800FB31F9 /* Release */,
			);
			defaultConfigurationIsVisible = 0;
			defaultConfigurationName = Release;
		};
		FC28F67A2AD2A38800FB31F9 /* Build configuration list for PBXNativeTarget "MasariTests" */ = {
			isa = XCConfigurationList;
			buildConfigurations = (
				FC28F67B2AD2A38800FB31F9 /* Debug */,
				FC28F67C2AD2A38800FB31F9 /* Release */,
			);
			defaultConfigurationIsVisible = 0;
			defaultConfigurationName = Release;
		};
		FC28F67D2AD2A38800FB31F9 /* Build configuration list for PBXNativeTarget "MasariUITests" */ = {
			isa = XCConfigurationList;
			buildConfigurations = (
				FC28F67E2AD2A38800FB31F9 /* Debug */,
				FC28F67F2AD2A38800FB31F9 /* Release */,
			);
			defaultConfigurationIsVisible = 0;
			defaultConfigurationName = Release;
		};
/* End XCConfigurationList section */
	};
	rootObject = FC28F64B2AD2A38700FB31F9 /* Project object */;
}
